// !$*UTF8*$!
{
	archiveVersion = 1;
	classes = {
	};
	objectVersion = 46;
	objects = {

/* Begin PBXBuildFile section */
		F0802FB71981FDEE00C021F7 /* main.cpp in Sources */ = {isa = PBXBuildFile; fileRef = F03458981981FBF90000024B /* main.cpp */; };
/* End PBXBuildFile section */

/* Begin PBXCopyFilesBuildPhase section */
		F03458811981FBD50000024B /* CopyFiles */ = {
			isa = PBXCopyFilesBuildPhase;
			buildActionMask = 2147483647;
			dstPath = /usr/share/man/man1/;
			dstSubfolderSpec = 0;
			files = (
			);
			runOnlyForDeploymentPostprocessing = 1;
		};
/* End PBXCopyFilesBuildPhase section */

/* Begin PBXFileReference section */
		F01486C719872A140078758E /* checklist.h */ = {isa = PBXFileReference; lastKnownFileType = sourcecode.c.h; path = checklist.h; sourceTree = "<group>"; };
		F01486C919872A2F0078758E /* checklist.cpp */ = {isa = PBXFileReference; lastKnownFileType = sourcecode.cpp.cpp; path = checklist.cpp; sourceTree = "<group>"; };
		F01486CA198798650078758E /* bond.cpp */ = {isa = PBXFileReference; lastKnownFileType = sourcecode.cpp.cpp; path = bond.cpp; sourceTree = "<group>"; };
		F01C1FAE198388B300557BFD /* hchem */ = {isa = PBXFileReference; explicitFileType = "compiled.mach-o.executable"; includeInIndex = 0; path = hchem; sourceTree = BUILT_PRODUCTS_DIR; };
		F01C1FB01983960B00557BFD /* engine.cpp */ = {isa = PBXFileReference; lastKnownFileType = sourcecode.cpp.cpp; name = engine.cpp; path = engine/engine.cpp; sourceTree = SOURCE_ROOT; };
		F03458901981FBF90000024B /* collision_heap.cpp */ = {isa = PBXFileReference; lastKnownFileType = sourcecode.cpp.cpp; path = collision_heap.cpp; sourceTree = "<group>"; };
		F03458921981FBF90000024B /* collision.cpp */ = {isa = PBXFileReference; lastKnownFileType = sourcecode.cpp.cpp; path = collision.cpp; sourceTree = "<group>"; };
		F03458931981FBF90000024B /* particle.cpp */ = {isa = PBXFileReference; lastKnownFileType = sourcecode.cpp.cpp; path = particle.cpp; sourceTree = "<group>"; };
		F03458951981FBF90000024B /* segment.cpp */ = {isa = PBXFileReference; lastKnownFileType = sourcecode.cpp.cpp; path = segment.cpp; sourceTree = "<group>"; };
		F03458961981FBF90000024B /* sphere.cpp */ = {isa = PBXFileReference; lastKnownFileType = sourcecode.cpp.cpp; path = sphere.cpp; sourceTree = "<group>"; };
		F03458971981FBF90000024B /* vector2d.cpp */ = {isa = PBXFileReference; lastKnownFileType = sourcecode.cpp.cpp; path = vector2d.cpp; sourceTree = "<group>"; };
		F03458981981FBF90000024B /* main.cpp */ = {isa = PBXFileReference; lastKnownFileType = sourcecode.cpp.cpp; path = main.cpp; sourceTree = SOURCE_ROOT; };
		F034589A1981FBF90000024B /* address.cpp */ = {isa = PBXFileReference; lastKnownFileType = sourcecode.cpp.cpp; path = address.cpp; sourceTree = "<group>"; };
		F034589B1981FBF90000024B /* address.h */ = {isa = PBXFileReference; lastKnownFileType = sourcecode.c.h; path = address.h; sourceTree = "<group>"; };
		F034589C1981FBF90000024B /* data.cpp */ = {isa = PBXFileReference; lastKnownFileType = sourcecode.cpp.cpp; path = data.cpp; sourceTree = "<group>"; };
		F034589D1981FBF90000024B /* data.h */ = {isa = PBXFileReference; lastKnownFileType = sourcecode.c.h; path = data.h; sourceTree = "<group>"; };
		F034589E1981FBF90000024B /* endianess.cpp */ = {isa = PBXFileReference; lastKnownFileType = sourcecode.cpp.cpp; path = endianess.cpp; sourceTree = "<group>"; };
		F034589F1981FBF90000024B /* endianess.h */ = {isa = PBXFileReference; lastKnownFileType = sourcecode.c.h; path = endianess.h; sourceTree = "<group>"; };
		F03458A01981FBF90000024B /* packet.cpp */ = {isa = PBXFileReference; lastKnownFileType = sourcecode.cpp.cpp; path = packet.cpp; sourceTree = "<group>"; };
		F03458A11981FBF90000024B /* packet.h */ = {isa = PBXFileReference; lastKnownFileType = sourcecode.c.h; path = packet.h; sourceTree = "<group>"; };
		F03458A21981FBF90000024B /* udp_socket.cpp */ = {isa = PBXFileReference; lastKnownFileType = sourcecode.cpp.cpp; path = udp_socket.cpp; sourceTree = "<group>"; };
		F03458A31981FBF90000024B /* udp_socket.h */ = {isa = PBXFileReference; lastKnownFileType = sourcecode.c.h; path = udp_socket.h; sourceTree = "<group>"; };
		F03458A51981FBF90000024B /* realtime_plot.cpp */ = {isa = PBXFileReference; lastKnownFileType = sourcecode.cpp.cpp; path = realtime_plot.cpp; sourceTree = "<group>"; };
/* End PBXFileReference section */

/* Begin PBXFrameworksBuildPhase section */
		F03458801981FBD50000024B /* Frameworks */ = {
			isa = PBXFrameworksBuildPhase;
			buildActionMask = 2147483647;
			files = (
			);
			runOnlyForDeploymentPostprocessing = 0;
		};
/* End PBXFrameworksBuildPhase section */

/* Begin PBXGroup section */
		F01C1FAF198395D300557BFD /* engine */ = {
			isa = PBXGroup;
			children = (
				F01C1FB01983960B00557BFD /* engine.cpp */,
			);
			name = engine;
			sourceTree = "<group>";
		};
		F034587A1981FBD50000024B = {
			isa = PBXGroup;
			children = (
				F03458851981FBD50000024B /* hchem */,
				F01C1FAE198388B300557BFD /* hchem */,
			);
			sourceTree = "<group>";
		};
		F03458851981FBD50000024B /* hchem */ = {
			isa = PBXGroup;
			children = (
				F03458A41981FBF90000024B /* plot */,
				F03458991981FBF90000024B /* network */,
				F034588F1981FBF90000024B /* data */,
				F03458941981FBF90000024B /* geometry */,
				F03458911981FBF90000024B /* dynamics */,
				F01C1FAF198395D300557BFD /* engine */,
				F03458981981FBF90000024B /* main.cpp */,
			);
			path = hchem;
			sourceTree = "<group>";
		};
		F034588F1981FBF90000024B /* data */ = {
			isa = PBXGroup;
			children = (
				F01486C919872A2F0078758E /* checklist.cpp */,
				F01486C719872A140078758E /* checklist.h */,
				F03458901981FBF90000024B /* collision_heap.cpp */,
			);
			path = data;
			sourceTree = SOURCE_ROOT;
		};
		F03458911981FBF90000024B /* dynamics */ = {
			isa = PBXGroup;
			children = (
				F03458921981FBF90000024B /* collision.cpp */,
				F03458931981FBF90000024B /* particle.cpp */,
				F01486CA198798650078758E /* bond.cpp */,
			);
			path = dynamics;
			sourceTree = SOURCE_ROOT;
		};
		F03458941981FBF90000024B /* geometry */ = {
			isa = PBXGroup;
			children = (
				F03458951981FBF90000024B /* segment.cpp */,
				F03458961981FBF90000024B /* sphere.cpp */,
				F03458971981FBF90000024B /* vector2d.cpp */,
			);
			path = geometry;
			sourceTree = SOURCE_ROOT;
		};
		F03458991981FBF90000024B /* network */ = {
			isa = PBXGroup;
			children = (
				F034589A1981FBF90000024B /* address.cpp */,
				F034589B1981FBF90000024B /* address.h */,
				F034589C1981FBF90000024B /* data.cpp */,
				F034589D1981FBF90000024B /* data.h */,
				F034589E1981FBF90000024B /* endianess.cpp */,
				F034589F1981FBF90000024B /* endianess.h */,
				F03458A01981FBF90000024B /* packet.cpp */,
				F03458A11981FBF90000024B /* packet.h */,
				F03458A21981FBF90000024B /* udp_socket.cpp */,
				F03458A31981FBF90000024B /* udp_socket.h */,
			);
			path = network;
			sourceTree = SOURCE_ROOT;
		};
		F03458A41981FBF90000024B /* plot */ = {
			isa = PBXGroup;
			children = (
				F03458A51981FBF90000024B /* realtime_plot.cpp */,
			);
			path = plot;
			sourceTree = SOURCE_ROOT;
		};
/* End PBXGroup section */

/* Begin PBXNativeTarget section */
		F03458821981FBD50000024B /* hchem */ = {
			isa = PBXNativeTarget;
			buildConfigurationList = F034588C1981FBD50000024B /* Build configuration list for PBXNativeTarget "hchem" */;
			buildPhases = (
				F034587F1981FBD50000024B /* Sources */,
				F03458801981FBD50000024B /* Frameworks */,
				F03458811981FBD50000024B /* CopyFiles */,
			);
			buildRules = (
			);
			dependencies = (
			);
			name = hchem;
			productName = hchem;
			productReference = F01C1FAE198388B300557BFD /* hchem */;
			productType = "com.apple.product-type.tool";
		};
/* End PBXNativeTarget section */

/* Begin PBXProject section */
		F034587B1981FBD50000024B /* Project object */ = {
			isa = PBXProject;
			attributes = {
				LastUpgradeCheck = 0510;
				ORGANIZATIONNAME = "Modeling Origins of Life";
			};
			buildConfigurationList = F034587E1981FBD50000024B /* Build configuration list for PBXProject "hchem" */;
			compatibilityVersion = "Xcode 3.2";
			developmentRegion = English;
			hasScannedForEncodings = 0;
			knownRegions = (
				en,
			);
			mainGroup = F034587A1981FBD50000024B;
			productRefGroup = F034587A1981FBD50000024B;
			projectDirPath = "";
			projectRoot = "";
			targets = (
				F03458821981FBD50000024B /* hchem */,
			);
		};
/* End PBXProject section */

/* Begin PBXSourcesBuildPhase section */
		F034587F1981FBD50000024B /* Sources */ = {
			isa = PBXSourcesBuildPhase;
			buildActionMask = 2147483647;
			files = (
				F0802FB71981FDEE00C021F7 /* main.cpp in Sources */,
			);
			runOnlyForDeploymentPostprocessing = 0;
		};
/* End PBXSourcesBuildPhase section */

/* Begin XCBuildConfiguration section */
		F034588A1981FBD50000024B /* Debug */ = {
			isa = XCBuildConfiguration;
			buildSettings = {
				ALWAYS_SEARCH_USER_PATHS = NO;
				CLANG_CXX_LANGUAGE_STANDARD = "gnu++0x";
				CLANG_CXX_LIBRARY = "libc++";
				CLANG_ENABLE_MODULES = YES;
				CLANG_ENABLE_OBJC_ARC = YES;
				CLANG_WARN_BOOL_CONVERSION = YES;
				CLANG_WARN_CONSTANT_CONVERSION = YES;
				CLANG_WARN_DIRECT_OBJC_ISA_USAGE = YES_ERROR;
				CLANG_WARN_EMPTY_BODY = YES;
				CLANG_WARN_ENUM_CONVERSION = YES;
				CLANG_WARN_INT_CONVERSION = YES;
				CLANG_WARN_OBJC_ROOT_CLASS = YES_ERROR;
				CLANG_WARN__DUPLICATE_METHOD_MATCH = YES;
				COPY_PHASE_STRIP = NO;
				GCC_C_LANGUAGE_STANDARD = gnu99;
				GCC_DYNAMIC_NO_PIC = NO;
				GCC_ENABLE_OBJC_EXCEPTIONS = YES;
				GCC_OPTIMIZATION_LEVEL = 0;
				GCC_PREPROCESSOR_DEFINITIONS = (
					"DEBUG=1",
					"$(inherited)",
				);
				GCC_SYMBOLS_PRIVATE_EXTERN = NO;
				GCC_WARN_64_TO_32_BIT_CONVERSION = YES;
				GCC_WARN_ABOUT_RETURN_TYPE = YES_ERROR;
				GCC_WARN_UNDECLARED_SELECTOR = YES;
				GCC_WARN_UNINITIALIZED_AUTOS = YES_AGGRESSIVE;
				GCC_WARN_UNUSED_FUNCTION = YES;
				GCC_WARN_UNUSED_VARIABLE = YES;
				MACOSX_DEPLOYMENT_TARGET = 10.9;
				ONLY_ACTIVE_ARCH = YES;
				SDKROOT = macosx;
			};
			name = Debug;
		};
		F034588B1981FBD50000024B /* Release */ = {
			isa = XCBuildConfiguration;
			buildSettings = {
				ALWAYS_SEARCH_USER_PATHS = NO;
				CLANG_CXX_LANGUAGE_STANDARD = "gnu++0x";
				CLANG_CXX_LIBRARY = "libc++";
				CLANG_ENABLE_MODULES = YES;
				CLANG_ENABLE_OBJC_ARC = YES;
				CLANG_WARN_BOOL_CONVERSION = YES;
				CLANG_WARN_CONSTANT_CONVERSION = YES;
				CLANG_WARN_DIRECT_OBJC_ISA_USAGE = YES_ERROR;
				CLANG_WARN_EMPTY_BODY = YES;
				CLANG_WARN_ENUM_CONVERSION = YES;
				CLANG_WARN_INT_CONVERSION = YES;
				CLANG_WARN_OBJC_ROOT_CLASS = YES_ERROR;
				CLANG_WARN__DUPLICATE_METHOD_MATCH = YES;
				COPY_PHASE_STRIP = YES;
				DEBUG_INFORMATION_FORMAT = "dwarf-with-dsym";
				ENABLE_NS_ASSERTIONS = NO;
				GCC_C_LANGUAGE_STANDARD = gnu99;
				GCC_ENABLE_OBJC_EXCEPTIONS = YES;
				GCC_WARN_64_TO_32_BIT_CONVERSION = YES;
				GCC_WARN_ABOUT_RETURN_TYPE = YES_ERROR;
				GCC_WARN_UNDECLARED_SELECTOR = YES;
				GCC_WARN_UNINITIALIZED_AUTOS = YES_AGGRESSIVE;
				GCC_WARN_UNUSED_FUNCTION = YES;
				GCC_WARN_UNUSED_VARIABLE = YES;
				MACOSX_DEPLOYMENT_TARGET = 10.9;
				SDKROOT = macosx;
			};
			name = Release;
		};
		F034588D1981FBD50000024B /* Debug */ = {
			isa = XCBuildConfiguration;
			buildSettings = {
				PRODUCT_NAME = "$(TARGET_NAME)";
			};
			name = Debug;
		};
		F034588E1981FBD50000024B /* Release */ = {
			isa = XCBuildConfiguration;
			buildSettings = {
				PRODUCT_NAME = "$(TARGET_NAME)";
			};
			name = Release;
		};
/* End XCBuildConfiguration section */

/* Begin XCConfigurationList section */
		F034587E1981FBD50000024B /* Build configuration list for PBXProject "hchem" */ = {
			isa = XCConfigurationList;
			buildConfigurations = (
				F034588A1981FBD50000024B /* Debug */,
				F034588B1981FBD50000024B /* Release */,
			);
			defaultConfigurationIsVisible = 0;
			defaultConfigurationName = Release;
		};
		F034588C1981FBD50000024B /* Build configuration list for PBXNativeTarget "hchem" */ = {
			isa = XCConfigurationList;
			buildConfigurations = (
				F034588D1981FBD50000024B /* Debug */,
				F034588E1981FBD50000024B /* Release */,
			);
			defaultConfigurationIsVisible = 0;
			defaultConfigurationName = Release;
		};
/* End XCConfigurationList section */
	};
	rootObject = F034587B1981FBD50000024B /* Project object */;
}
